
Microsoft Visual Studio Solution File, Format Version 12.00
# Visual Studio 14
VisualStudioVersion = 14.0.25420.1
MinimumVisualStudioVersion = 10.0.40219.1
Project("{FAE04EC0-301F-11D3-BF4B-00C04F79EFBC}") = "LottoGenerator", "LottoGenerator\LottoGenerator.csproj", "{5EE0976D-BE76-40C9-8D38-CF370B54BCED}"
EndProject
Global
	GlobalSection(SolutionConfigurationPlatforms) = preSolution
		Debug|Any CPU = Debug|Any CPU
		Release|Any CPU = Release|Any CPU
	EndGlobalSection
	GlobalSection(ProjectConfigurationPlatforms) = postSolution
		{5EE0976D-BE76-40C9-8D38-CF370B54BCED}.Debug|Any CPU.ActiveCfg = Debug|Any CPU
		{5EE0976D-BE76-40C9-8D38-CF370B54BCED}.Debug|Any CPU.Build.0 = Debug|Any CPU
		{5EE0976D-BE76-40C9-8D38-CF370B54BCED}.Release|Any CPU.ActiveCfg = Release|Any CPU
		{5EE0976D-BE76-40C9-8D38-CF370B54BCED}.Release|Any CPU.Build.0 = Release|Any CPU
	EndGlobalSection
	GlobalSection(SolutionProperties) = preSolution
		HideSolutionNode = FALSE
	EndGlobalSection
EndGlobal
